
Microsoft Visual Studio Solution File, Format Version 12.00
# Visual Studio Version 17
VisualStudioVersion = 17.6.33723.286
MinimumVisualStudioVersion = 10.0.40219.1
Project("{FAE04EC0-301F-11D3-BF4B-00C04F79EFBC}") = "CORONEL ZAPA V2", "CORONEL ZAPA V2\CORONEL ZAPA V2.csproj", "{CFB5BB10-6686-4295-A43E-D59B006777C7}"
EndProject
Global
	GlobalSection(SolutionConfigurationPlatforms) = preSolution
		Debug|Any CPU = Debug|Any CPU
		Release|Any CPU = Release|Any CPU
	EndGlobalSection
	GlobalSection(ProjectConfigurationPlatforms) = postSolution
		{CFB5BB10-6686-4295-A43E-D59B006777C7}.Debug|Any CPU.ActiveCfg = Debug|Any CPU
		{CFB5BB10-6686-4295-A43E-D59B006777C7}.Debug|Any CPU.Build.0 = Debug|Any CPU
		{CFB5BB10-6686-4295-A43E-D59B006777C7}.Release|Any CPU.ActiveCfg = Release|Any CPU
		{CFB5BB10-6686-4295-A43E-D59B006777C7}.Release|Any CPU.Build.0 = Release|Any CPU
	EndGlobalSection
	GlobalSection(SolutionProperties) = preSolution
		HideSolutionNode = FALSE
	EndGlobalSection
	GlobalSection(ExtensibilityGlobals) = postSolution
		SolutionGuid = {2BD2B6AD-F122-4A36-A3F9-7CC3763AD154}
	EndGlobalSection
EndGlobal
